// !$*UTF8*$!
{
	archiveVersion = 1;
	classes = {
	};
	objectVersion = 50;
	objects = {

/* Begin PBXBuildFile section */
		7CC13088523B15BA1FB45B70 /* Pods_Nyanpasu.framework in Frameworks */ = {isa = PBXBuildFile; fileRef = 6FAE2276616EC11F6B257D1A /* Pods_Nyanpasu.framework */; };
		BF65951B5E36272412077148 /* Pods_NyanpasuUITests.framework in Frameworks */ = {isa = PBXBuildFile; fileRef = D4507EF01795D34BFE405909 /* Pods_NyanpasuUITests.framework */; };
		C581401775CF0C382ED5B432 /* Pods_NyanpasuTests.framework in Frameworks */ = {isa = PBXBuildFile; fileRef = 08F32950F2B456FF40C475AC /* Pods_NyanpasuTests.framework */; };
		D942AEC220E8FBE5009CCA5D /* AppDelegate.swift in Sources */ = {isa = PBXBuildFile; fileRef = D942AEC120E8FBE5009CCA5D /* AppDelegate.swift */; };
		D942AEC720E8FBE5009CCA5D /* Main.storyboard in Resources */ = {isa = PBXBuildFile; fileRef = D942AEC520E8FBE5009CCA5D /* Main.storyboard */; };
		D942AECC20E8FBE5009CCA5D /* LaunchScreen.storyboard in Resources */ = {isa = PBXBuildFile; fileRef = D942AECA20E8FBE5009CCA5D /* LaunchScreen.storyboard */; };
		D942AED720E8FBE5009CCA5D /* NyanpasuTests.swift in Sources */ = {isa = PBXBuildFile; fileRef = D942AED620E8FBE5009CCA5D /* NyanpasuTests.swift */; };
		D942AEE220E8FBE6009CCA5D /* NyanpasuUITests.swift in Sources */ = {isa = PBXBuildFile; fileRef = D942AEE120E8FBE6009CCA5D /* NyanpasuUITests.swift */; };
		D942AEF220E9C7AA009CCA5D /* GoogleService-Info.plist in Resources */ = {isa = PBXBuildFile; fileRef = D942AEF120E9C7A9009CCA5D /* GoogleService-Info.plist */; };
		D9AEFAF920E9F741007A528E /* Logger.swift in Sources */ = {isa = PBXBuildFile; fileRef = D9AEFAF820E9F741007A528E /* Logger.swift */; };
		D9AEFB2920EA06CA007A528E /* Assets.xcassets in Resources */ = {isa = PBXBuildFile; fileRef = D9AEFB2820EA06CA007A528E /* Assets.xcassets */; };
		D9AEFB2B20EA1BA9007A528E /* AppRootViewController.swift in Sources */ = {isa = PBXBuildFile; fileRef = D9AEFB2A20EA1BA9007A528E /* AppRootViewController.swift */; };
		D9AEFB2D20EA1CAB007A528E /* AuthViewController.swift in Sources */ = {isa = PBXBuildFile; fileRef = D9AEFB2C20EA1CAB007A528E /* AuthViewController.swift */; };
		D9AEFB2F20EA1CBA007A528E /* MainViewController.swift in Sources */ = {isa = PBXBuildFile; fileRef = D9AEFB2E20EA1CBA007A528E /* MainViewController.swift */; };
		D9AEFB3120EA1D2F007A528E /* SplashViewController.swift in Sources */ = {isa = PBXBuildFile; fileRef = D9AEFB3020EA1D2F007A528E /* SplashViewController.swift */; };
		D9AEFB3320EA2C53007A528E /* Auth.storyboard in Resources */ = {isa = PBXBuildFile; fileRef = D9AEFB3220EA2C53007A528E /* Auth.storyboard */; };
		D9AEFB3620EA334F007A528E /* StoryboardInstance.swift in Sources */ = {isa = PBXBuildFile; fileRef = D9AEFB3520EA334F007A528E /* StoryboardInstance.swift */; };
		D9AEFB3E20EC47F4007A528E /* RoomCell.swift in Sources */ = {isa = PBXBuildFile; fileRef = D9AEFB3D20EC47F4007A528E /* RoomCell.swift */; };
		D9AEFB4020EC4870007A528E /* RoomsFlowLayout.swift in Sources */ = {isa = PBXBuildFile; fileRef = D9AEFB3F20EC4870007A528E /* RoomsFlowLayout.swift */; };
		D9AEFB4620EC51C6007A528E /* StudioViewController.swift in Sources */ = {isa = PBXBuildFile; fileRef = D9AEFB4520EC51C6007A528E /* StudioViewController.swift */; };
		D9AEFB4A20EC7861007A528E /* Models.swift in Sources */ = {isa = PBXBuildFile; fileRef = D9AEFB4920EC7861007A528E /* Models.swift */; };
/* End PBXBuildFile section */

/* Begin PBXContainerItemProxy section */
		D942AED320E8FBE5009CCA5D /* PBXContainerItemProxy */ = {
			isa = PBXContainerItemProxy;
			containerPortal = D942AEB620E8FBE4009CCA5D /* Project object */;
			proxyType = 1;
			remoteGlobalIDString = D942AEBD20E8FBE5009CCA5D;
			remoteInfo = Nyanpasu;
		};
		D942AEDE20E8FBE6009CCA5D /* PBXContainerItemProxy */ = {
			isa = PBXContainerItemProxy;
			containerPortal = D942AEB620E8FBE4009CCA5D /* Project object */;
			proxyType = 1;
			remoteGlobalIDString = D942AEBD20E8FBE5009CCA5D;
			remoteInfo = Nyanpasu;
		};
/* End PBXContainerItemProxy section */

/* Begin PBXFileReference section */
		08F32950F2B456FF40C475AC /* Pods_NyanpasuTests.framework */ = {isa = PBXFileReference; explicitFileType = wrapper.framework; includeInIndex = 0; path = Pods_NyanpasuTests.framework; sourceTree = BUILT_PRODUCTS_DIR; };
		21DDA19276D7A3A361F6BEC7 /* Pods-NyanpasuUITests.debug.xcconfig */ = {isa = PBXFileReference; includeInIndex = 1; lastKnownFileType = text.xcconfig; name = "Pods-NyanpasuUITests.debug.xcconfig"; path = "Pods/Target Support Files/Pods-NyanpasuUITests/Pods-NyanpasuUITests.debug.xcconfig"; sourceTree = "<group>"; };
		4712A637E958C0403D1D1133 /* Pods-NyanpasuUITests.release.xcconfig */ = {isa = PBXFileReference; includeInIndex = 1; lastKnownFileType = text.xcconfig; name = "Pods-NyanpasuUITests.release.xcconfig"; path = "Pods/Target Support Files/Pods-NyanpasuUITests/Pods-NyanpasuUITests.release.xcconfig"; sourceTree = "<group>"; };
		47BAF8A1A23CC6E0C0745EAC /* Pods-Nyanpasu.release.xcconfig */ = {isa = PBXFileReference; includeInIndex = 1; lastKnownFileType = text.xcconfig; name = "Pods-Nyanpasu.release.xcconfig"; path = "Pods/Target Support Files/Pods-Nyanpasu/Pods-Nyanpasu.release.xcconfig"; sourceTree = "<group>"; };
		48862FF982538C696E171AFC /* Pods-Nyanpasu.debug.xcconfig */ = {isa = PBXFileReference; includeInIndex = 1; lastKnownFileType = text.xcconfig; name = "Pods-Nyanpasu.debug.xcconfig"; path = "Pods/Target Support Files/Pods-Nyanpasu/Pods-Nyanpasu.debug.xcconfig"; sourceTree = "<group>"; };
		6FAE2276616EC11F6B257D1A /* Pods_Nyanpasu.framework */ = {isa = PBXFileReference; explicitFileType = wrapper.framework; includeInIndex = 0; path = Pods_Nyanpasu.framework; sourceTree = BUILT_PRODUCTS_DIR; };
		B50AD397DD9F9F4282833596 /* Pods-NyanpasuTests.debug.xcconfig */ = {isa = PBXFileReference; includeInIndex = 1; lastKnownFileType = text.xcconfig; name = "Pods-NyanpasuTests.debug.xcconfig"; path = "Pods/Target Support Files/Pods-NyanpasuTests/Pods-NyanpasuTests.debug.xcconfig"; sourceTree = "<group>"; };
		C816C32FF95749F1DAF56714 /* Pods-NyanpasuTests.release.xcconfig */ = {isa = PBXFileReference; includeInIndex = 1; lastKnownFileType = text.xcconfig; name = "Pods-NyanpasuTests.release.xcconfig"; path = "Pods/Target Support Files/Pods-NyanpasuTests/Pods-NyanpasuTests.release.xcconfig"; sourceTree = "<group>"; };
		D4507EF01795D34BFE405909 /* Pods_NyanpasuUITests.framework */ = {isa = PBXFileReference; explicitFileType = wrapper.framework; includeInIndex = 0; path = Pods_NyanpasuUITests.framework; sourceTree = BUILT_PRODUCTS_DIR; };
		D942AEBE20E8FBE5009CCA5D /* Nyanpasu.app */ = {isa = PBXFileReference; explicitFileType = wrapper.application; includeInIndex = 0; path = Nyanpasu.app; sourceTree = BUILT_PRODUCTS_DIR; };
		D942AEC120E8FBE5009CCA5D /* AppDelegate.swift */ = {isa = PBXFileReference; lastKnownFileType = sourcecode.swift; path = AppDelegate.swift; sourceTree = "<group>"; };
		D942AEC620E8FBE5009CCA5D /* Base */ = {isa = PBXFileReference; lastKnownFileType = file.storyboard; name = Base; path = Base.lproj/Main.storyboard; sourceTree = "<group>"; };
		D942AECB20E8FBE5009CCA5D /* Base */ = {isa = PBXFileReference; lastKnownFileType = file.storyboard; name = Base; path = Base.lproj/LaunchScreen.storyboard; sourceTree = "<group>"; };
		D942AECD20E8FBE5009CCA5D /* Info.plist */ = {isa = PBXFileReference; lastKnownFileType = text.plist.xml; path = Info.plist; sourceTree = "<group>"; };
		D942AED220E8FBE5009CCA5D /* NyanpasuTests.xctest */ = {isa = PBXFileReference; explicitFileType = wrapper.cfbundle; includeInIndex = 0; path = NyanpasuTests.xctest; sourceTree = BUILT_PRODUCTS_DIR; };
		D942AED620E8FBE5009CCA5D /* NyanpasuTests.swift */ = {isa = PBXFileReference; lastKnownFileType = sourcecode.swift; path = NyanpasuTests.swift; sourceTree = "<group>"; };
		D942AED820E8FBE6009CCA5D /* Info.plist */ = {isa = PBXFileReference; lastKnownFileType = text.plist.xml; path = Info.plist; sourceTree = "<group>"; };
		D942AEDD20E8FBE6009CCA5D /* NyanpasuUITests.xctest */ = {isa = PBXFileReference; explicitFileType = wrapper.cfbundle; includeInIndex = 0; path = NyanpasuUITests.xctest; sourceTree = BUILT_PRODUCTS_DIR; };
		D942AEE120E8FBE6009CCA5D /* NyanpasuUITests.swift */ = {isa = PBXFileReference; lastKnownFileType = sourcecode.swift; path = NyanpasuUITests.swift; sourceTree = "<group>"; };
		D942AEE320E8FBE6009CCA5D /* Info.plist */ = {isa = PBXFileReference; lastKnownFileType = text.plist.xml; path = Info.plist; sourceTree = "<group>"; };
		D942AEF120E9C7A9009CCA5D /* GoogleService-Info.plist */ = {isa = PBXFileReference; fileEncoding = 4; lastKnownFileType = text.plist.xml; path = "GoogleService-Info.plist"; sourceTree = "<group>"; };
		D9AEFAF820E9F741007A528E /* Logger.swift */ = {isa = PBXFileReference; lastKnownFileType = sourcecode.swift; path = Logger.swift; sourceTree = "<group>"; };
		D9AEFAFB20E9F9C4007A528E /* README.md */ = {isa = PBXFileReference; lastKnownFileType = net.daringfireball.markdown; path = README.md; sourceTree = "<group>"; };
		D9AEFB2820EA06CA007A528E /* Assets.xcassets */ = {isa = PBXFileReference; lastKnownFileType = folder.assetcatalog; path = Assets.xcassets; sourceTree = "<group>"; };
		D9AEFB2A20EA1BA9007A528E /* AppRootViewController.swift */ = {isa = PBXFileReference; lastKnownFileType = sourcecode.swift; path = AppRootViewController.swift; sourceTree = "<group>"; };
		D9AEFB2C20EA1CAB007A528E /* AuthViewController.swift */ = {isa = PBXFileReference; lastKnownFileType = sourcecode.swift; path = AuthViewController.swift; sourceTree = "<group>"; };
		D9AEFB2E20EA1CBA007A528E /* MainViewController.swift */ = {isa = PBXFileReference; lastKnownFileType = sourcecode.swift; path = MainViewController.swift; sourceTree = "<group>"; };
		D9AEFB3020EA1D2F007A528E /* SplashViewController.swift */ = {isa = PBXFileReference; lastKnownFileType = sourcecode.swift; path = SplashViewController.swift; sourceTree = "<group>"; };
		D9AEFB3220EA2C53007A528E /* Auth.storyboard */ = {isa = PBXFileReference; lastKnownFileType = file.storyboard; path = Auth.storyboard; sourceTree = "<group>"; };
		D9AEFB3520EA334F007A528E /* StoryboardInstance.swift */ = {isa = PBXFileReference; lastKnownFileType = sourcecode.swift; path = StoryboardInstance.swift; sourceTree = "<group>"; };
		D9AEFB3D20EC47F4007A528E /* RoomCell.swift */ = {isa = PBXFileReference; lastKnownFileType = sourcecode.swift; path = RoomCell.swift; sourceTree = "<group>"; };
		D9AEFB3F20EC4870007A528E /* RoomsFlowLayout.swift */ = {isa = PBXFileReference; lastKnownFileType = sourcecode.swift; path = RoomsFlowLayout.swift; sourceTree = "<group>"; };
		D9AEFB4520EC51C6007A528E /* StudioViewController.swift */ = {isa = PBXFileReference; lastKnownFileType = sourcecode.swift; path = StudioViewController.swift; sourceTree = "<group>"; };
		D9AEFB4920EC7861007A528E /* Models.swift */ = {isa = PBXFileReference; lastKnownFileType = sourcecode.swift; path = Models.swift; sourceTree = "<group>"; };
/* End PBXFileReference section */

/* Begin PBXFrameworksBuildPhase section */
		D942AEBB20E8FBE5009CCA5D /* Frameworks */ = {
			isa = PBXFrameworksBuildPhase;
			buildActionMask = 2147483647;
			files = (
				7CC13088523B15BA1FB45B70 /* Pods_Nyanpasu.framework in Frameworks */,
			);
			runOnlyForDeploymentPostprocessing = 0;
		};
		D942AECF20E8FBE5009CCA5D /* Frameworks */ = {
			isa = PBXFrameworksBuildPhase;
			buildActionMask = 2147483647;
			files = (
				C581401775CF0C382ED5B432 /* Pods_NyanpasuTests.framework in Frameworks */,
			);
			runOnlyForDeploymentPostprocessing = 0;
		};
		D942AEDA20E8FBE6009CCA5D /* Frameworks */ = {
			isa = PBXFrameworksBuildPhase;
			buildActionMask = 2147483647;
			files = (
				BF65951B5E36272412077148 /* Pods_NyanpasuUITests.framework in Frameworks */,
			);
			runOnlyForDeploymentPostprocessing = 0;
		};
/* End PBXFrameworksBuildPhase section */

/* Begin PBXGroup section */
		38E13B1C04E86353E1075D06 /* Frameworks */ = {
			isa = PBXGroup;
			children = (
				6FAE2276616EC11F6B257D1A /* Pods_Nyanpasu.framework */,
				08F32950F2B456FF40C475AC /* Pods_NyanpasuTests.framework */,
				D4507EF01795D34BFE405909 /* Pods_NyanpasuUITests.framework */,
			);
			name = Frameworks;
			sourceTree = "<group>";
		};
		6E5F6AC8EE0EC8C22CD0C795 /* Pods */ = {
			isa = PBXGroup;
			children = (
				48862FF982538C696E171AFC /* Pods-Nyanpasu.debug.xcconfig */,
				47BAF8A1A23CC6E0C0745EAC /* Pods-Nyanpasu.release.xcconfig */,
				B50AD397DD9F9F4282833596 /* Pods-NyanpasuTests.debug.xcconfig */,
				C816C32FF95749F1DAF56714 /* Pods-NyanpasuTests.release.xcconfig */,
				21DDA19276D7A3A361F6BEC7 /* Pods-NyanpasuUITests.debug.xcconfig */,
				4712A637E958C0403D1D1133 /* Pods-NyanpasuUITests.release.xcconfig */,
			);
			name = Pods;
			sourceTree = "<group>";
		};
		D942AEB520E8FBE4009CCA5D = {
			isa = PBXGroup;
			children = (
				D942AEC020E8FBE5009CCA5D /* Nyanpasu */,
				D942AED520E8FBE5009CCA5D /* NyanpasuTests */,
				D942AEE020E8FBE6009CCA5D /* NyanpasuUITests */,
				D942AEBF20E8FBE5009CCA5D /* Products */,
				6E5F6AC8EE0EC8C22CD0C795 /* Pods */,
				38E13B1C04E86353E1075D06 /* Frameworks */,
			);
			sourceTree = "<group>";
		};
		D942AEBF20E8FBE5009CCA5D /* Products */ = {
			isa = PBXGroup;
			children = (
				D942AEBE20E8FBE5009CCA5D /* Nyanpasu.app */,
				D942AED220E8FBE5009CCA5D /* NyanpasuTests.xctest */,
				D942AEDD20E8FBE6009CCA5D /* NyanpasuUITests.xctest */,
			);
			name = Products;
			sourceTree = "<group>";
		};
		D942AEC020E8FBE5009CCA5D /* Nyanpasu */ = {
			isa = PBXGroup;
			children = (
				D942AECA20E8FBE5009CCA5D /* LaunchScreen.storyboard */,
				D942AEC120E8FBE5009CCA5D /* AppDelegate.swift */,
				D9AEFB2A20EA1BA9007A528E /* AppRootViewController.swift */,
				D9AEFB3020EA1D2F007A528E /* SplashViewController.swift */,
				D9AEFB2C20EA1CAB007A528E /* AuthViewController.swift */,
				D9AEFB3220EA2C53007A528E /* Auth.storyboard */,
				D9AEFB2E20EA1CBA007A528E /* MainViewController.swift */,
				D9AEFB4520EC51C6007A528E /* StudioViewController.swift */,
				D9AEFB3F20EC4870007A528E /* RoomsFlowLayout.swift */,
				D9AEFB3D20EC47F4007A528E /* RoomCell.swift */,
				D942AEC520E8FBE5009CCA5D /* Main.storyboard */,
				D9AEFB4920EC7861007A528E /* Models.swift */,
				D9AEFB3520EA334F007A528E /* StoryboardInstance.swift */,
				D9AEFAF820E9F741007A528E /* Logger.swift */,
				D9AEFB2820EA06CA007A528E /* Assets.xcassets */,
				D942AECD20E8FBE5009CCA5D /* Info.plist */,
				D942AEF120E9C7A9009CCA5D /* GoogleService-Info.plist */,
				D9AEFAFB20E9F9C4007A528E /* README.md */,
			);
			path = Nyanpasu;
			sourceTree = "<group>";
		};
		D942AED520E8FBE5009CCA5D /* NyanpasuTests */ = {
			isa = PBXGroup;
			children = (
				D942AED620E8FBE5009CCA5D /* NyanpasuTests.swift */,
				D942AED820E8FBE6009CCA5D /* Info.plist */,
			);
			path = NyanpasuTests;
			sourceTree = "<group>";
		};
		D942AEE020E8FBE6009CCA5D /* NyanpasuUITests */ = {
			isa = PBXGroup;
			children = (
				D942AEE120E8FBE6009CCA5D /* NyanpasuUITests.swift */,
				D942AEE320E8FBE6009CCA5D /* Info.plist */,
			);
			path = NyanpasuUITests;
			sourceTree = "<group>";
		};
/* End PBXGroup section */

/* Begin PBXNativeTarget section */
		D942AEBD20E8FBE5009CCA5D /* Nyanpasu */ = {
			isa = PBXNativeTarget;
			buildConfigurationList = D942AEE620E8FBE6009CCA5D /* Build configuration list for PBXNativeTarget "Nyanpasu" */;
			buildPhases = (
				A1AEDA7A8543CA72A037F3E2 /* [CP] Check Pods Manifest.lock */,
				D942AEBA20E8FBE5009CCA5D /* Sources */,
				D942AEBB20E8FBE5009CCA5D /* Frameworks */,
				D942AEBC20E8FBE5009CCA5D /* Resources */,
				DD6DE163272F875B1B32D60B /* [CP] Embed Pods Frameworks */,
			);
			buildRules = (
			);
			dependencies = (
			);
			name = Nyanpasu;
			productName = Nyanpasu;
			productReference = D942AEBE20E8FBE5009CCA5D /* Nyanpasu.app */;
			productType = "com.apple.product-type.application";
		};
		D942AED120E8FBE5009CCA5D /* NyanpasuTests */ = {
			isa = PBXNativeTarget;
			buildConfigurationList = D942AEE920E8FBE6009CCA5D /* Build configuration list for PBXNativeTarget "NyanpasuTests" */;
			buildPhases = (
				A59EEF927CC2347FAA9D4BAF /* [CP] Check Pods Manifest.lock */,
				D942AECE20E8FBE5009CCA5D /* Sources */,
				D942AECF20E8FBE5009CCA5D /* Frameworks */,
				D942AED020E8FBE5009CCA5D /* Resources */,
			);
			buildRules = (
			);
			dependencies = (
				D942AED420E8FBE5009CCA5D /* PBXTargetDependency */,
			);
			name = NyanpasuTests;
			productName = NyanpasuTests;
			productReference = D942AED220E8FBE5009CCA5D /* NyanpasuTests.xctest */;
			productType = "com.apple.product-type.bundle.unit-test";
		};
		D942AEDC20E8FBE6009CCA5D /* NyanpasuUITests */ = {
			isa = PBXNativeTarget;
			buildConfigurationList = D942AEEC20E8FBE6009CCA5D /* Build configuration list for PBXNativeTarget "NyanpasuUITests" */;
			buildPhases = (
				56D9028F0D11E95B28022273 /* [CP] Check Pods Manifest.lock */,
				D942AED920E8FBE6009CCA5D /* Sources */,
				D942AEDA20E8FBE6009CCA5D /* Frameworks */,
				D942AEDB20E8FBE6009CCA5D /* Resources */,
			);
			buildRules = (
			);
			dependencies = (
				D942AEDF20E8FBE6009CCA5D /* PBXTargetDependency */,
			);
			name = NyanpasuUITests;
			productName = NyanpasuUITests;
			productReference = D942AEDD20E8FBE6009CCA5D /* NyanpasuUITests.xctest */;
			productType = "com.apple.product-type.bundle.ui-testing";
		};
/* End PBXNativeTarget section */

/* Begin PBXProject section */
		D942AEB620E8FBE4009CCA5D /* Project object */ = {
			isa = PBXProject;
			attributes = {
				LastSwiftUpdateCheck = 0930;
				LastUpgradeCheck = 0930;
				ORGANIZATIONNAME = "Yuske Fukuyama";
				TargetAttributes = {
					D942AEBD20E8FBE5009CCA5D = {
						CreatedOnToolsVersion = 9.3;
					};
					D942AED120E8FBE5009CCA5D = {
						CreatedOnToolsVersion = 9.3;
						TestTargetID = D942AEBD20E8FBE5009CCA5D;
					};
					D942AEDC20E8FBE6009CCA5D = {
						CreatedOnToolsVersion = 9.3;
						TestTargetID = D942AEBD20E8FBE5009CCA5D;
					};
				};
			};
			buildConfigurationList = D942AEB920E8FBE4009CCA5D /* Build configuration list for PBXProject "Nyanpasu" */;
			compatibilityVersion = "Xcode 9.3";
			developmentRegion = en;
			hasScannedForEncodings = 0;
			knownRegions = (
				en,
				Base,
			);
			mainGroup = D942AEB520E8FBE4009CCA5D;
			productRefGroup = D942AEBF20E8FBE5009CCA5D /* Products */;
			projectDirPath = "";
			projectRoot = "";
			targets = (
				D942AEBD20E8FBE5009CCA5D /* Nyanpasu */,
				D942AED120E8FBE5009CCA5D /* NyanpasuTests */,
				D942AEDC20E8FBE6009CCA5D /* NyanpasuUITests */,
			);
		};
/* End PBXProject section */

/* Begin PBXResourcesBuildPhase section */
		D942AEBC20E8FBE5009CCA5D /* Resources */ = {
			isa = PBXResourcesBuildPhase;
			buildActionMask = 2147483647;
			files = (
				D942AECC20E8FBE5009CCA5D /* LaunchScreen.storyboard in Resources */,
				D942AEF220E9C7AA009CCA5D /* GoogleService-Info.plist in Resources */,
				D9AEFB3320EA2C53007A528E /* Auth.storyboard in Resources */,
				D942AEC720E8FBE5009CCA5D /* Main.storyboard in Resources */,
				D9AEFB2920EA06CA007A528E /* Assets.xcassets in Resources */,
			);
			runOnlyForDeploymentPostprocessing = 0;
		};
		D942AED020E8FBE5009CCA5D /* Resources */ = {
			isa = PBXResourcesBuildPhase;
			buildActionMask = 2147483647;
			files = (
			);
			runOnlyForDeploymentPostprocessing = 0;
		};
		D942AEDB20E8FBE6009CCA5D /* Resources */ = {
			isa = PBXResourcesBuildPhase;
			buildActionMask = 2147483647;
			files = (
			);
			runOnlyForDeploymentPostprocessing = 0;
		};
/* End PBXResourcesBuildPhase section */

/* Begin PBXShellScriptBuildPhase section */
		56D9028F0D11E95B28022273 /* [CP] Check Pods Manifest.lock */ = {
			isa = PBXShellScriptBuildPhase;
			buildActionMask = 2147483647;
			files = (
			);
			inputPaths = (
				"${PODS_PODFILE_DIR_PATH}/Podfile.lock",
				"${PODS_ROOT}/Manifest.lock",
			);
			name = "[CP] Check Pods Manifest.lock";
			outputPaths = (
				"$(DERIVED_FILE_DIR)/Pods-NyanpasuUITests-checkManifestLockResult.txt",
			);
			runOnlyForDeploymentPostprocessing = 0;
			shellPath = /bin/sh;
			shellScript = "diff \"${PODS_PODFILE_DIR_PATH}/Podfile.lock\" \"${PODS_ROOT}/Manifest.lock\" > /dev/null\nif [ $? != 0 ] ; then\n    # print error to STDERR\n    echo \"error: The sandbox is not in sync with the Podfile.lock. Run 'pod install' or update your CocoaPods installation.\" >&2\n    exit 1\nfi\n# This output is used by Xcode 'outputs' to avoid re-running this script phase.\necho \"SUCCESS\" > \"${SCRIPT_OUTPUT_FILE_0}\"\n";
			showEnvVarsInLog = 0;
		};
		A1AEDA7A8543CA72A037F3E2 /* [CP] Check Pods Manifest.lock */ = {
			isa = PBXShellScriptBuildPhase;
			buildActionMask = 2147483647;
			files = (
			);
			inputPaths = (
				"${PODS_PODFILE_DIR_PATH}/Podfile.lock",
				"${PODS_ROOT}/Manifest.lock",
			);
			name = "[CP] Check Pods Manifest.lock";
			outputPaths = (
				"$(DERIVED_FILE_DIR)/Pods-Nyanpasu-checkManifestLockResult.txt",
			);
			runOnlyForDeploymentPostprocessing = 0;
			shellPath = /bin/sh;
			shellScript = "diff \"${PODS_PODFILE_DIR_PATH}/Podfile.lock\" \"${PODS_ROOT}/Manifest.lock\" > /dev/null\nif [ $? != 0 ] ; then\n    # print error to STDERR\n    echo \"error: The sandbox is not in sync with the Podfile.lock. Run 'pod install' or update your CocoaPods installation.\" >&2\n    exit 1\nfi\n# This output is used by Xcode 'outputs' to avoid re-running this script phase.\necho \"SUCCESS\" > \"${SCRIPT_OUTPUT_FILE_0}\"\n";
			showEnvVarsInLog = 0;
		};
		A59EEF927CC2347FAA9D4BAF /* [CP] Check Pods Manifest.lock */ = {
			isa = PBXShellScriptBuildPhase;
			buildActionMask = 2147483647;
			files = (
			);
			inputPaths = (
				"${PODS_PODFILE_DIR_PATH}/Podfile.lock",
				"${PODS_ROOT}/Manifest.lock",
			);
			name = "[CP] Check Pods Manifest.lock";
			outputPaths = (
				"$(DERIVED_FILE_DIR)/Pods-NyanpasuTests-checkManifestLockResult.txt",
			);
			runOnlyForDeploymentPostprocessing = 0;
			shellPath = /bin/sh;
			shellScript = "diff \"${PODS_PODFILE_DIR_PATH}/Podfile.lock\" \"${PODS_ROOT}/Manifest.lock\" > /dev/null\nif [ $? != 0 ] ; then\n    # print error to STDERR\n    echo \"error: The sandbox is not in sync with the Podfile.lock. Run 'pod install' or update your CocoaPods installation.\" >&2\n    exit 1\nfi\n# This output is used by Xcode 'outputs' to avoid re-running this script phase.\necho \"SUCCESS\" > \"${SCRIPT_OUTPUT_FILE_0}\"\n";
			showEnvVarsInLog = 0;
		};
		DD6DE163272F875B1B32D60B /* [CP] Embed Pods Frameworks */ = {
			isa = PBXShellScriptBuildPhase;
			buildActionMask = 2147483647;
			files = (
			);
			inputPaths = (
				"${SRCROOT}/Pods/Target Support Files/Pods-Nyanpasu/Pods-Nyanpasu-frameworks.sh",
				"${BUILT_PRODUCTS_DIR}/BoringSSL/openssl.framework",
				"${BUILT_PRODUCTS_DIR}/GTMSessionFetcher/GTMSessionFetcher.framework",
				"${BUILT_PRODUCTS_DIR}/GoogleToolboxForMac/GoogleToolboxForMac.framework",
				"${BUILT_PRODUCTS_DIR}/Protobuf/Protobuf.framework",
				"${BUILT_PRODUCTS_DIR}/gRPC/GRPCClient.framework",
				"${BUILT_PRODUCTS_DIR}/gRPC-Core/grpc.framework",
				"${BUILT_PRODUCTS_DIR}/gRPC-ProtoRPC/ProtoRPC.framework",
				"${BUILT_PRODUCTS_DIR}/gRPC-RxLibrary/RxLibrary.framework",
				"${BUILT_PRODUCTS_DIR}/leveldb-library/leveldb.framework",
				"${BUILT_PRODUCTS_DIR}/nanopb/nanopb.framework",
			);
			name = "[CP] Embed Pods Frameworks";
			outputPaths = (
				"${TARGET_BUILD_DIR}/${FRAMEWORKS_FOLDER_PATH}/openssl.framework",
				"${TARGET_BUILD_DIR}/${FRAMEWORKS_FOLDER_PATH}/GTMSessionFetcher.framework",
				"${TARGET_BUILD_DIR}/${FRAMEWORKS_FOLDER_PATH}/GoogleToolboxForMac.framework",
				"${TARGET_BUILD_DIR}/${FRAMEWORKS_FOLDER_PATH}/Protobuf.framework",
				"${TARGET_BUILD_DIR}/${FRAMEWORKS_FOLDER_PATH}/GRPCClient.framework",
				"${TARGET_BUILD_DIR}/${FRAMEWORKS_FOLDER_PATH}/grpc.framework",
				"${TARGET_BUILD_DIR}/${FRAMEWORKS_FOLDER_PATH}/ProtoRPC.framework",
				"${TARGET_BUILD_DIR}/${FRAMEWORKS_FOLDER_PATH}/RxLibrary.framework",
				"${TARGET_BUILD_DIR}/${FRAMEWORKS_FOLDER_PATH}/leveldb.framework",
				"${TARGET_BUILD_DIR}/${FRAMEWORKS_FOLDER_PATH}/nanopb.framework",
			);
			runOnlyForDeploymentPostprocessing = 0;
			shellPath = /bin/sh;
			shellScript = "\"${SRCROOT}/Pods/Target Support Files/Pods-Nyanpasu/Pods-Nyanpasu-frameworks.sh\"\n";
			showEnvVarsInLog = 0;
		};
/* End PBXShellScriptBuildPhase section */

/* Begin PBXSourcesBuildPhase section */
		D942AEBA20E8FBE5009CCA5D /* Sources */ = {
			isa = PBXSourcesBuildPhase;
			buildActionMask = 2147483647;
			files = (
				D9AEFB4020EC4870007A528E /* RoomsFlowLayout.swift in Sources */,
				D9AEFB2D20EA1CAB007A528E /* AuthViewController.swift in Sources */,
				D9AEFB2B20EA1BA9007A528E /* AppRootViewController.swift in Sources */,
				D942AEC220E8FBE5009CCA5D /* AppDelegate.swift in Sources */,
				D9AEFB4620EC51C6007A528E /* StudioViewController.swift in Sources */,
				D9AEFB3120EA1D2F007A528E /* SplashViewController.swift in Sources */,
				D9AEFB3620EA334F007A528E /* StoryboardInstance.swift in Sources */,
				D9AEFAF920E9F741007A528E /* Logger.swift in Sources */,
				D9AEFB3E20EC47F4007A528E /* RoomCell.swift in Sources */,
				D9AEFB2F20EA1CBA007A528E /* MainViewController.swift in Sources */,
				D9AEFB4A20EC7861007A528E /* Models.swift in Sources */,
			);
			runOnlyForDeploymentPostprocessing = 0;
		};
		D942AECE20E8FBE5009CCA5D /* Sources */ = {
			isa = PBXSourcesBuildPhase;
			buildActionMask = 2147483647;
			files = (
				D942AED720E8FBE5009CCA5D /* NyanpasuTests.swift in Sources */,
			);
			runOnlyForDeploymentPostprocessing = 0;
		};
		D942AED920E8FBE6009CCA5D /* Sources */ = {
			isa = PBXSourcesBuildPhase;
			buildActionMask = 2147483647;
			files = (
				D942AEE220E8FBE6009CCA5D /* NyanpasuUITests.swift in Sources */,
			);
			runOnlyForDeploymentPostprocessing = 0;
		};
/* End PBXSourcesBuildPhase section */

/* Begin PBXTargetDependency section */
		D942AED420E8FBE5009CCA5D /* PBXTargetDependency */ = {
			isa = PBXTargetDependency;
			target = D942AEBD20E8FBE5009CCA5D /* Nyanpasu */;
			targetProxy = D942AED320E8FBE5009CCA5D /* PBXContainerItemProxy */;
		};
		D942AEDF20E8FBE6009CCA5D /* PBXTargetDependency */ = {
			isa = PBXTargetDependency;
			target = D942AEBD20E8FBE5009CCA5D /* Nyanpasu */;
			targetProxy = D942AEDE20E8FBE6009CCA5D /* PBXContainerItemProxy */;
		};
/* End PBXTargetDependency section */

/* Begin PBXVariantGroup section */
		D942AEC520E8FBE5009CCA5D /* Main.storyboard */ = {
			isa = PBXVariantGroup;
			children = (
				D942AEC620E8FBE5009CCA5D /* Base */,
			);
			name = Main.storyboard;
			sourceTree = "<group>";
		};
		D942AECA20E8FBE5009CCA5D /* LaunchScreen.storyboard */ = {
			isa = PBXVariantGroup;
			children = (
				D942AECB20E8FBE5009CCA5D /* Base */,
			);
			name = LaunchScreen.storyboard;
			sourceTree = "<group>";
		};
/* End PBXVariantGroup section */

/* Begin XCBuildConfiguration section */
		D942AEE420E8FBE6009CCA5D /* Debug */ = {
			isa = XCBuildConfiguration;
			buildSettings = {
				ALWAYS_SEARCH_USER_PATHS = NO;
				CLANG_ANALYZER_NONNULL = YES;
				CLANG_ANALYZER_NUMBER_OBJECT_CONVERSION = YES_AGGRESSIVE;
				CLANG_CXX_LANGUAGE_STANDARD = "gnu++14";
				CLANG_CXX_LIBRARY = "libc++";
				CLANG_ENABLE_MODULES = YES;
				CLANG_ENABLE_OBJC_ARC = YES;
				CLANG_ENABLE_OBJC_WEAK = YES;
				CLANG_WARN_BLOCK_CAPTURE_AUTORELEASING = YES;
				CLANG_WARN_BOOL_CONVERSION = YES;
				CLANG_WARN_COMMA = YES;
				CLANG_WARN_CONSTANT_CONVERSION = YES;
				CLANG_WARN_DEPRECATED_OBJC_IMPLEMENTATIONS = YES;
				CLANG_WARN_DIRECT_OBJC_ISA_USAGE = YES_ERROR;
				CLANG_WARN_DOCUMENTATION_COMMENTS = YES;
				CLANG_WARN_EMPTY_BODY = YES;
				CLANG_WARN_ENUM_CONVERSION = YES;
				CLANG_WARN_INFINITE_RECURSION = YES;
				CLANG_WARN_INT_CONVERSION = YES;
				CLANG_WARN_NON_LITERAL_NULL_CONVERSION = YES;
				CLANG_WARN_OBJC_IMPLICIT_RETAIN_SELF = YES;
				CLANG_WARN_OBJC_LITERAL_CONVERSION = YES;
				CLANG_WARN_OBJC_ROOT_CLASS = YES_ERROR;
				CLANG_WARN_RANGE_LOOP_ANALYSIS = YES;
				CLANG_WARN_STRICT_PROTOTYPES = YES;
				CLANG_WARN_SUSPICIOUS_MOVE = YES;
				CLANG_WARN_UNGUARDED_AVAILABILITY = YES_AGGRESSIVE;
				CLANG_WARN_UNREACHABLE_CODE = YES;
				CLANG_WARN__DUPLICATE_METHOD_MATCH = YES;
				CODE_SIGN_IDENTITY = "iPhone Developer";
				COPY_PHASE_STRIP = NO;
				DEBUG_INFORMATION_FORMAT = dwarf;
				ENABLE_STRICT_OBJC_MSGSEND = YES;
				ENABLE_TESTABILITY = YES;
				GCC_C_LANGUAGE_STANDARD = gnu11;
				GCC_DYNAMIC_NO_PIC = NO;
				GCC_NO_COMMON_BLOCKS = YES;
				GCC_OPTIMIZATION_LEVEL = 0;
				GCC_PREPROCESSOR_DEFINITIONS = (
					"DEBUG=1",
					"$(inherited)",
				);
				GCC_WARN_64_TO_32_BIT_CONVERSION = YES;
				GCC_WARN_ABOUT_RETURN_TYPE = YES_ERROR;
				GCC_WARN_UNDECLARED_SELECTOR = YES;
				GCC_WARN_UNINITIALIZED_AUTOS = YES_AGGRESSIVE;
				GCC_WARN_UNUSED_FUNCTION = YES;
				GCC_WARN_UNUSED_VARIABLE = YES;
				IPHONEOS_DEPLOYMENT_TARGET = 11.0;
				MTL_ENABLE_DEBUG_INFO = YES;
				ONLY_ACTIVE_ARCH = YES;
				SDKROOT = iphoneos;
				SWIFT_ACTIVE_COMPILATION_CONDITIONS = DEBUG;
				SWIFT_OPTIMIZATION_LEVEL = "-Onone";
			};
			name = Debug;
		};
		D942AEE520E8FBE6009CCA5D /* Release */ = {
			isa = XCBuildConfiguration;
			buildSettings = {
				ALWAYS_SEARCH_USER_PATHS = NO;
				CLANG_ANALYZER_NONNULL = YES;
				CLANG_ANALYZER_NUMBER_OBJECT_CONVERSION = YES_AGGRESSIVE;
				CLANG_CXX_LANGUAGE_STANDARD = "gnu++14";
				CLANG_CXX_LIBRARY = "libc++";
				CLANG_ENABLE_MODULES = YES;
				CLANG_ENABLE_OBJC_ARC = YES;
				CLANG_ENABLE_OBJC_WEAK = YES;
				CLANG_WARN_BLOCK_CAPTURE_AUTORELEASING = YES;
				CLANG_WARN_BOOL_CONVERSION = YES;
				CLANG_WARN_COMMA = YES;
				CLANG_WARN_CONSTANT_CONVERSION = YES;
				CLANG_WARN_DEPRECATED_OBJC_IMPLEMENTATIONS = YES;
				CLANG_WARN_DIRECT_OBJC_ISA_USAGE = YES_ERROR;
				CLANG_WARN_DOCUMENTATION_COMMENTS = YES;
				CLANG_WARN_EMPTY_BODY = YES;
				CLANG_WARN_ENUM_CONVERSION = YES;
				CLANG_WARN_INFINITE_RECURSION = YES;
				CLANG_WARN_INT_CONVERSION = YES;
				CLANG_WARN_NON_LITERAL_NULL_CONVERSION = YES;
				CLANG_WARN_OBJC_IMPLICIT_RETAIN_SELF = YES;
				CLANG_WARN_OBJC_LITERAL_CONVERSION = YES;
				CLANG_WARN_OBJC_ROOT_CLASS = YES_ERROR;
				CLANG_WARN_RANGE_LOOP_ANALYSIS = YES;
				CLANG_WARN_STRICT_PROTOTYPES = YES;
				CLANG_WARN_SUSPICIOUS_MOVE = YES;
				CLANG_WARN_UNGUARDED_AVAILABILITY = YES_AGGRESSIVE;
				CLANG_WARN_UNREACHABLE_CODE = YES;
				CLANG_WARN__DUPLICATE_METHOD_MATCH = YES;
				CODE_SIGN_IDENTITY = "iPhone Developer";
				COPY_PHASE_STRIP = NO;
				DEBUG_INFORMATION_FORMAT = "dwarf-with-dsym";
				ENABLE_NS_ASSERTIONS = NO;
				ENABLE_STRICT_OBJC_MSGSEND = YES;
				GCC_C_LANGUAGE_STANDARD = gnu11;
				GCC_NO_COMMON_BLOCKS = YES;
				GCC_WARN_64_TO_32_BIT_CONVERSION = YES;
				GCC_WARN_ABOUT_RETURN_TYPE = YES_ERROR;
				GCC_WARN_UNDECLARED_SELECTOR = YES;
				GCC_WARN_UNINITIALIZED_AUTOS = YES_AGGRESSIVE;
				GCC_WARN_UNUSED_FUNCTION = YES;
				GCC_WARN_UNUSED_VARIABLE = YES;
				IPHONEOS_DEPLOYMENT_TARGET = 11.0;
				MTL_ENABLE_DEBUG_INFO = NO;
				SDKROOT = iphoneos;
				SWIFT_COMPILATION_MODE = wholemodule;
				SWIFT_OPTIMIZATION_LEVEL = "-O";
				VALIDATE_PRODUCT = YES;
			};
			name = Release;
		};
		D942AEE720E8FBE6009CCA5D /* Debug */ = {
			isa = XCBuildConfiguration;
			baseConfigurationReference = 48862FF982538C696E171AFC /* Pods-Nyanpasu.debug.xcconfig */;
			buildSettings = {
				ASSETCATALOG_COMPILER_APPICON_NAME = AppIcon;
				CODE_SIGN_STYLE = Automatic;
				DEVELOPMENT_TEAM = 3U9W86J2XH;
				INFOPLIST_FILE = Nyanpasu/Info.plist;
				IPHONEOS_DEPLOYMENT_TARGET = 11.0;
				LD_RUNPATH_SEARCH_PATHS = (
					"$(inherited)",
					"@executable_path/Frameworks",
				);
				PRODUCT_BUNDLE_IDENTIFIER = fkymy.nyanpasu;
				PRODUCT_NAME = "$(TARGET_NAME)";
				SWIFT_VERSION = 4.0;
				TARGETED_DEVICE_FAMILY = 1;
			};
			name = Debug;
		};
		D942AEE820E8FBE6009CCA5D /* Release */ = {
			isa = XCBuildConfiguration;
			baseConfigurationReference = 47BAF8A1A23CC6E0C0745EAC /* Pods-Nyanpasu.release.xcconfig */;
			buildSettings = {
				ASSETCATALOG_COMPILER_APPICON_NAME = AppIcon;
				CODE_SIGN_STYLE = Automatic;
				DEVELOPMENT_TEAM = 3U9W86J2XH;
				INFOPLIST_FILE = Nyanpasu/Info.plist;
				IPHONEOS_DEPLOYMENT_TARGET = 11.0;
				LD_RUNPATH_SEARCH_PATHS = (
					"$(inherited)",
					"@executable_path/Frameworks",
				);
				PRODUCT_BUNDLE_IDENTIFIER = fkymy.nyanpasu;
				PRODUCT_NAME = "$(TARGET_NAME)";
				SWIFT_VERSION = 4.0;
				TARGETED_DEVICE_FAMILY = 1;
			};
			name = Release;
		};
		D942AEEA20E8FBE6009CCA5D /* Debug */ = {
			isa = XCBuildConfiguration;
			baseConfigurationReference = B50AD397DD9F9F4282833596 /* Pods-NyanpasuTests.debug.xcconfig */;
			buildSettings = {
				ALWAYS_EMBED_SWIFT_STANDARD_LIBRARIES = YES;
				BUNDLE_LOADER = "$(TEST_HOST)";
				CODE_SIGN_STYLE = Automatic;
				DEVELOPMENT_TEAM = 3U9W86J2XH;
				INFOPLIST_FILE = NyanpasuTests/Info.plist;
				LD_RUNPATH_SEARCH_PATHS = (
					"$(inherited)",
					"@executable_path/Frameworks",
					"@loader_path/Frameworks",
				);
				PRODUCT_BUNDLE_IDENTIFIER = fkymy.NyanpasuTests;
				PRODUCT_NAME = "$(TARGET_NAME)";
				SWIFT_VERSION = 4.0;
				TARGETED_DEVICE_FAMILY = "1,2";
				TEST_HOST = "$(BUILT_PRODUCTS_DIR)/Nyanpasu.app/Nyanpasu";
			};
			name = Debug;
		};
		D942AEEB20E8FBE6009CCA5D /* Release */ = {
			isa = XCBuildConfiguration;
			baseConfigurationReference = C816C32FF95749F1DAF56714 /* Pods-NyanpasuTests.release.xcconfig */;
			buildSettings = {
				ALWAYS_EMBED_SWIFT_STANDARD_LIBRARIES = YES;
				BUNDLE_LOADER = "$(TEST_HOST)";
				CODE_SIGN_STYLE = Automatic;
				DEVELOPMENT_TEAM = 3U9W86J2XH;
				INFOPLIST_FILE = NyanpasuTests/Info.plist;
				LD_RUNPATH_SEARCH_PATHS = (
					"$(inherited)",
					"@executable_path/Frameworks",
					"@loader_path/Frameworks",
				);
				PRODUCT_BUNDLE_IDENTIFIER = fkymy.NyanpasuTests;
				PRODUCT_NAME = "$(TARGET_NAME)";
				SWIFT_VERSION = 4.0;
				TARGETED_DEVICE_FAMILY = "1,2";
				TEST_HOST = "$(BUILT_PRODUCTS_DIR)/Nyanpasu.app/Nyanpasu";
			};
			name = Release;
		};
		D942AEED20E8FBE6009CCA5D /* Debug */ = {
			isa = XCBuildConfiguration;
			baseConfigurationReference = 21DDA19276D7A3A361F6BEC7 /* Pods-NyanpasuUITests.debug.xcconfig */;
			buildSettings = {
				ALWAYS_EMBED_SWIFT_STANDARD_LIBRARIES = YES;
				CODE_SIGN_STYLE = Automatic;
				DEVELOPMENT_TEAM = 3U9W86J2XH;
				INFOPLIST_FILE = NyanpasuUITests/Info.plist;
				LD_RUNPATH_SEARCH_PATHS = (
					"$(inherited)",
					"@executable_path/Frameworks",
					"@loader_path/Frameworks",
				);
				PRODUCT_BUNDLE_IDENTIFIER = fkymy.NyanpasuUITests;
				PRODUCT_NAME = "$(TARGET_NAME)";
				SWIFT_VERSION = 4.0;
				TARGETED_DEVICE_FAMILY = "1,2";
				TEST_TARGET_NAME = Nyanpasu;
			};
			name = Debug;
		};
		D942AEEE20E8FBE6009CCA5D /* Release */ = {
			isa = XCBuildConfiguration;
			baseConfigurationReference = 4712A637E958C0403D1D1133 /* Pods-NyanpasuUITests.release.xcconfig */;
			buildSettings = {
				ALWAYS_EMBED_SWIFT_STANDARD_LIBRARIES = YES;
				CODE_SIGN_STYLE = Automatic;
				DEVELOPMENT_TEAM = 3U9W86J2XH;
				INFOPLIST_FILE = NyanpasuUITests/Info.plist;
				LD_RUNPATH_SEARCH_PATHS = (
					"$(inherited)",
					"@executable_path/Frameworks",
					"@loader_path/Frameworks",
				);
				PRODUCT_BUNDLE_IDENTIFIER = fkymy.NyanpasuUITests;
				PRODUCT_NAME = "$(TARGET_NAME)";
				SWIFT_VERSION = 4.0;
				TARGETED_DEVICE_FAMILY = "1,2";
				TEST_TARGET_NAME = Nyanpasu;
			};
			name = Release;
		};
/* End XCBuildConfiguration section */

/* Begin XCConfigurationList section */
		D942AEB920E8FBE4009CCA5D /* Build configuration list for PBXProject "Nyanpasu" */ = {
			isa = XCConfigurationList;
			buildConfigurations = (
				D942AEE420E8FBE6009CCA5D /* Debug */,
				D942AEE520E8FBE6009CCA5D /* Release */,
			);
			defaultConfigurationIsVisible = 0;
			defaultConfigurationName = Release;
		};
		D942AEE620E8FBE6009CCA5D /* Build configuration list for PBXNativeTarget "Nyanpasu" */ = {
			isa = XCConfigurationList;
			buildConfigurations = (
				D942AEE720E8FBE6009CCA5D /* Debug */,
				D942AEE820E8FBE6009CCA5D /* Release */,
			);
			defaultConfigurationIsVisible = 0;
			defaultConfigurationName = Release;
		};
		D942AEE920E8FBE6009CCA5D /* Build configuration list for PBXNativeTarget "NyanpasuTests" */ = {
			isa = XCConfigurationList;
			buildConfigurations = (
				D942AEEA20E8FBE6009CCA5D /* Debug */,
				D942AEEB20E8FBE6009CCA5D /* Release */,
			);
			defaultConfigurationIsVisible = 0;
			defaultConfigurationName = Release;
		};
		D942AEEC20E8FBE6009CCA5D /* Build configuration list for PBXNativeTarget "NyanpasuUITests" */ = {
			isa = XCConfigurationList;
			buildConfigurations = (
				D942AEED20E8FBE6009CCA5D /* Debug */,
				D942AEEE20E8FBE6009CCA5D /* Release */,
			);
			defaultConfigurationIsVisible = 0;
			defaultConfigurationName = Release;
		};
/* End XCConfigurationList section */
	};
	rootObject = D942AEB620E8FBE4009CCA5D /* Project object */;
}
